{
  "lockfileVersion": 1,
  "configVersion": 1,
  "workspaces": {
    "": {
      "name": "dol-canvas",
      "dependencies": {
        "tiny-pinyin": "^1.3.2",
        "vue": "^3.5.0",
      },
      "devDependencies": {
        "@rsbuild/core": "^2.0.6",
        "@rsbuild/plugin-vue": "^1.2.8",
        "@rslib/core": "^0.21.5",
        "@types/bun": "latest",
        "husky": "^9.1.7",
        "lint-staged": "^16.2.7",
        "oxfmt": "^0.35.0",
        "oxlint": "^1.50.0",
        "typescript": "^5.9.0",
      },
      "peerDependencies": {
        "typescript": "^5",
        "vue": "^3.5.0",
      },
    },
    "demo": {
      "name": "@dol-canvas/demo",
      "dependencies": {
        "vue": "^3.5.0",
      },
      "devDependencies": {
        "@rsbuild/core": "^2.0.6",
        "@rsbuild/plugin-vue": "^1.2.8",
        "typescript": "^5.9.0",
      },
    },
  },
  "packages": {
    "@ast-grep/napi": ["@ast-grep/napi@0.37.0", "https://mirrors.huaweicloud.com/repository/npm/@ast-grep/napi/-/napi-0.37.0.tgz", { "optionalDependencies": { "@ast-grep/napi-darwin-arm64": "0.37.0", "@ast-grep/napi-darwin-x64": "0.37.0", "@ast-grep/napi-linux-arm64-gnu": "0.37.0", "@ast-grep/napi-linux-arm64-musl": "0.37.0", "@ast-grep/napi-linux-x64-gnu": "0.37.0", "@ast-grep/napi-linux-x64-musl": "0.37.0", "@ast-grep/napi-win32-arm64-msvc": "0.37.0", "@ast-grep/napi-win32-ia32-msvc": "0.37.0", "@ast-grep/napi-win32-x64-msvc": "0.37.0" } }, "sha512-Hb4o6h1Pf6yRUAX07DR4JVY7dmQw+RVQMW5/m55GoiAT/VRoKCWBtIUPPOnqDVhbx1Cjfil9b6EDrgJsUAujEQ=="],

    "@ast-grep/napi-darwin-arm64": ["@ast-grep/napi-darwin-arm64@0.37.0", "https://mirrors.huaweicloud.com/repository/npm/@ast-grep/napi-darwin-arm64/-/napi-darwin-arm64-0.37.0.tgz", { "os": "darwin", "cpu": "arm64" }, "sha512-QAiIiaAbLvMEg/yBbyKn+p1gX2/FuaC0SMf7D7capm/oG4xGMzdeaQIcSosF4TCxxV+hIH4Bz9e4/u7w6Bnk3Q=="],

    "@ast-grep/napi-darwin-x64": ["@ast-grep/napi-darwin-x64@0.37.0", "https://mirrors.huaweicloud.com/repository/npm/@ast-grep/napi-darwin-x64/-/napi-darwin-x64-0.37.0.tgz", { "os": "darwin", "cpu": "x64" }, "sha512-zvcvdgekd4ySV3zUbUp8HF5nk5zqwiMXTuVzTUdl/w08O7JjM6XPOIVT+d2o/MqwM9rsXdzdergY5oY2RdhSPA=="],

    "@ast-grep/napi-linux-arm64-gnu": ["@ast-grep/napi-linux-arm64-gnu@0.37.0", "https://mirrors.huaweicloud.com/repository/npm/@ast-grep/napi-linux-arm64-gnu/-/napi-linux-arm64-gnu-0.37.0.tgz", { "os": "linux", "cpu": "arm64" }, "sha512-L7Sj0lXy8X+BqSMgr1LB8cCoWk0rericdeu+dC8/c8zpsav5Oo2IQKY1PmiZ7H8IHoFBbURLf8iklY9wsD+cyA=="],

    "@ast-grep/napi-linux-arm64-musl": ["@ast-grep/napi-linux-arm64-musl@0.37.0", "https://mirrors.huaweicloud.com/repository/npm/@ast-grep/napi-linux-arm64-musl/-/napi-linux-arm64-musl-0.37.0.tgz", { "os": "linux", "cpu": "arm64" }, "sha512-LF9sAvYy6es/OdyJDO3RwkX3I82Vkfsng1sqUBcoWC1jVb1wX5YVzHtpQox9JrEhGl+bNp7FYxB4Qba9OdA5GA=="],

    "@ast-grep/napi-linux-x64-gnu": ["@ast-grep/napi-linux-x64-gnu@0.37.0", "https://mirrors.huaweicloud.com/repository/npm/@ast-grep/napi-linux-x64-gnu/-/napi-linux-x64-gnu-0.37.0.tgz", { "os": "linux", "cpu": "x64" }, "sha512-TViz5/klqre6aSmJzswEIjApnGjJzstG/SE8VDWsrftMBMYt2PTu3MeluZVwzSqDao8doT/P+6U11dU05UOgxw=="],

    "@ast-grep/napi-linux-x64-musl": ["@ast-grep/napi-linux-x64-musl@0.37.0", "https://mirrors.huaweicloud.com/repository/npm/@ast-grep/napi-linux-x64-musl/-/napi-linux-x64-musl-0.37.0.tgz", { "os": "linux", "cpu": "x64" }, "sha512-/BcCH33S9E3ovOAEoxYngUNXgb+JLg991sdyiNP2bSoYd30a9RHrG7CYwW6fMgua3ijQ474eV6cq9yZO1bCpXg=="],

    "@ast-grep/napi-win32-arm64-msvc": ["@ast-grep/napi-win32-arm64-msvc@0.37.0", "https://mirrors.huaweicloud.com/repository/npm/@ast-grep/napi-win32-arm64-msvc/-/napi-win32-arm64-msvc-0.37.0.tgz", { "os": "win32", "cpu": "arm64" }, "sha512-TjQA4cFoIEW2bgjLkaL9yqT4XWuuLa5MCNd0VCDhGRDMNQ9+rhwi9eLOWRaap3xzT7g+nlbcEHL3AkVCD2+b3A=="],

    "@ast-grep/napi-win32-ia32-msvc": ["@ast-grep/napi-win32-ia32-msvc@0.37.0", "https://mirrors.huaweicloud.com/repository/npm/@ast-grep/napi-win32-ia32-msvc/-/napi-win32-ia32-msvc-0.37.0.tgz", { "os": "win32", "cpu": "ia32" }, "sha512-uNmVka8fJCdYsyOlF9aZqQMLTatEYBynjChVTzUfFMDfmZ0bihs/YTqJVbkSm8TZM7CUX82apvn50z/dX5iWRA=="],

    "@ast-grep/napi-win32-x64-msvc": ["@ast-grep/napi-win32-x64-msvc@0.37.0", "https://mirrors.huaweicloud.com/repository/npm/@ast-grep/napi-win32-x64-msvc/-/napi-win32-x64-msvc-0.37.0.tgz", { "os": "win32", "cpu": "x64" }, "sha512-vCiFOT3hSCQuHHfZ933GAwnPzmL0G04JxQEsBRfqONywyT8bSdDc/ECpAfr3S9VcS4JZ9/F6tkePKW/Om2Dq2g=="],

    "@babel/helper-string-parser": ["@babel/helper-string-parser@7.27.1", "https://mirrors.huaweicloud.com/repository/npm/@babel/helper-string-parser/-/helper-string-parser-7.27.1.tgz", {}, "sha512-qMlSxKbpRlAridDExk92nSobyDdpPijUq2DW6oDnUqd0iOGxmQjyqhMIihI9+zv4LPyZdRje2cavWPbCbWm3eA=="],

    "@babel/helper-validator-identifier": ["@babel/helper-validator-identifier@7.28.5", "https://mirrors.huaweicloud.com/repository/npm/@babel/helper-validator-identifier/-/helper-validator-identifier-7.28.5.tgz", {}, "sha512-qSs4ifwzKJSV39ucNjsvc6WVHs6b7S03sOh2OcHF9UHfVPqWWALUsNUVzhSBiItjRZoLHx7nIarVjqKVusUZ1Q=="],

    "@babel/parser": ["@babel/parser@7.29.3", "https://mirrors.huaweicloud.com/repository/npm/@babel/parser/-/parser-7.29.3.tgz", { "dependencies": { "@babel/types": "^7.29.0" }, "bin": "./bin/babel-parser.js" }, "sha512-b3ctpQwp+PROvU/cttc4OYl4MzfJUWy6FZg+PMXfzmt/+39iHVF0sDfqay8TQM3JA2EUOyKcFZt75jWriQijsA=="],

    "@babel/types": ["@babel/types@7.29.0", "https://mirrors.huaweicloud.com/repository/npm/@babel/types/-/types-7.29.0.tgz", { "dependencies": { "@babel/helper-string-parser": "^7.27.1", "@babel/helper-validator-identifier": "^7.28.5" } }, "sha512-LwdZHpScM4Qz8Xw2iKSzS+cfglZzJGvofQICy7W7v4caru4EaAmyUuO6BGrbyQ2mYV11W0U8j5mBhd14dd3B0A=="],

    "@dol-canvas/demo": ["@dol-canvas/demo@workspace:demo"],

    "@emnapi/core": ["@emnapi/core@1.10.0", "https://mirrors.huaweicloud.com/repository/npm/@emnapi/core/-/core-1.10.0.tgz", { "dependencies": { "@emnapi/wasi-threads": "1.2.1", "tslib": "^2.4.0" } }, "sha512-yq6OkJ4p82CAfPl0u9mQebQHKPJkY7WrIuk205cTYnYe+k2Z8YBh11FrbRG/H6ihirqcacOgl2BIO8oyMQLeXw=="],

    "@emnapi/runtime": ["@emnapi/runtime@1.10.0", "https://mirrors.huaweicloud.com/repository/npm/@emnapi/runtime/-/runtime-1.10.0.tgz", { "dependencies": { "tslib": "^2.4.0" } }, "sha512-ewvYlk86xUoGI0zQRNq/mC+16R1QeDlKQy21Ki3oSYXNgLb45GV1P6A0M+/s6nyCuNDqe5VpaY84BzXGwVbwFA=="],

    "@emnapi/wasi-threads": ["@emnapi/wasi-threads@1.2.1", "https://mirrors.huaweicloud.com/repository/npm/@emnapi/wasi-threads/-/wasi-threads-1.2.1.tgz", { "dependencies": { "tslib": "^2.4.0" } }, "sha512-uTII7OYF+/Mes/MrcIOYp5yOtSMLBWSIoLPpcgwipoiKbli6k322tcoFsxoIIxPDqW01SQGAgko4EzZi2BNv2w=="],

    "@jridgewell/sourcemap-codec": ["@jridgewell/sourcemap-codec@1.5.5", "https://mirrors.huaweicloud.com/repository/npm/@jridgewell/sourcemap-codec/-/sourcemap-codec-1.5.5.tgz", {}, "sha512-cYQ9310grqxueWbl+WuIUIaiUaDcj7WOq5fVhEljNVgRfOUhY9fy2zTvfoqWsnebh8Sl70VScFbICvJnLKB0Og=="],

    "@napi-rs/wasm-runtime": ["@napi-rs/wasm-runtime@1.1.4", "https://mirrors.huaweicloud.com/repository/npm/@napi-rs/wasm-runtime/-/wasm-runtime-1.1.4.tgz", { "dependencies": { "@tybys/wasm-util": "^0.10.1" }, "peerDependencies": { "@emnapi/core": "^1.7.1", "@emnapi/runtime": "^1.7.1" } }, "sha512-3NQNNgA1YSlJb/kMH1ildASP9HW7/7kYnRI2szWJaofaS1hWmbGI4H+d3+22aGzXXN9IJ+n+GiFVcGipJP18ow=="],

    "@oxfmt/binding-android-arm-eabi": ["@oxfmt/binding-android-arm-eabi@0.35.0", "https://mirrors.huaweicloud.com/repository/npm/@oxfmt/binding-android-arm-eabi/-/binding-android-arm-eabi-0.35.0.tgz", { "os": "android", "cpu": "arm" }, "sha512-BaRKlM3DyG81y/xWTsE6gZiv89F/3pHe2BqX2H4JbiB8HNVlWWtplzgATAE5IDSdwChdeuWLDTQzJ92Lglw3ZA=="],

    "@oxfmt/binding-android-arm64": ["@oxfmt/binding-android-arm64@0.35.0", "https://mirrors.huaweicloud.com/repository/npm/@oxfmt/binding-android-arm64/-/binding-android-arm64-0.35.0.tgz", { "os": "android", "cpu": "arm64" }, "sha512-/O+EbuAJYs6nde/anv+aID6uHsGQApyE9JtYBo/79KyU8e6RBN3DMbT0ix97y1SOnCglurmL2iZ+hlohjP2PnQ=="],

    "@oxfmt/binding-darwin-arm64": ["@oxfmt/binding-darwin-arm64@0.35.0", "https://mirrors.huaweicloud.com/repository/npm/@oxfmt/binding-darwin-arm64/-/binding-darwin-arm64-0.35.0.tgz", { "os": "darwin", "cpu": "arm64" }, "sha512-pGqRtqlNdn9d4VrmGUWVyQjkw79ryhI6je9y2jfqNUIZCfqceob+R97YYAoG7C5TFyt8ILdLVoN+L2vw/hSFyA=="],

    "@oxfmt/binding-darwin-x64": ["@oxfmt/binding-darwin-x64@0.35.0", "https://mirrors.huaweicloud.com/repository/npm/@oxfmt/binding-darwin-x64/-/binding-darwin-x64-0.35.0.tgz", { "os": "darwin", "cpu": "x64" }, "sha512-8GmsDcSozTPjrCJeGpp+sCmS9+9V5yRrdEZ1p/sTWxPG5nYeAfSLuS0nuEYjXSO+CtdSbStIW6dxa+4NM58yRw=="],

    "@oxfmt/binding-freebsd-x64": ["@oxfmt/binding-freebsd-x64@0.35.0", "https://mirrors.huaweicloud.com/repository/npm/@oxfmt/binding-freebsd-x64/-/binding-freebsd-x64-0.35.0.tgz", { "os": "freebsd", "cpu": "x64" }, "sha512-QyfKfTe0ytHpFKHAcHCGQEzN45QSqq1AHJOYYxQMgLM3KY4xu8OsXHpCnINjDsV4XGnQzczJDU9e04Zmd8XqIQ=="],

    "@oxfmt/binding-linux-arm-gnueabihf": ["@oxfmt/binding-linux-arm-gnueabihf@0.35.0", "https://mirrors.huaweicloud.com/repository/npm/@oxfmt/binding-linux-arm-gnueabihf/-/binding-linux-arm-gnueabihf-0.35.0.tgz", { "os": "linux", "cpu": "arm" }, "sha512-u+kv3JD6P3J38oOyUaiCqgY5TNESzBRZJ5lyZQ6c2czUW2v5SIN9E/KWWa9vxoc+P8AFXQFUVrdzGy1tK+nbPQ=="],

    "@oxfmt/binding-linux-arm-musleabihf": ["@oxfmt/binding-linux-arm-musleabihf@0.35.0", "https://mirrors.huaweicloud.com/repository/npm/@oxfmt/binding-linux-arm-musleabihf/-/binding-linux-arm-musleabihf-0.35.0.tgz", { "os": "linux", "cpu": "arm" }, "sha512-1NiZroCiV57I7Pf8kOH4XGR366kW5zir3VfSMBU2D0V14GpYjiYmPYFAoJboZvp8ACnZKUReWyMkNKSa5ad58A=="],

    "@oxfmt/binding-linux-arm64-gnu": ["@oxfmt/binding-linux-arm64-gnu@0.35.0", "https://mirrors.huaweicloud.com/repository/npm/@oxfmt/binding-linux-arm64-gnu/-/binding-linux-arm64-gnu-0.35.0.tgz", { "os": "linux", "cpu": "arm64" }, "sha512-7Q0Xeg7ZnW2nxnZ4R7aF6DEbCFls4skgHZg+I63XitpNvJCbVIU8MFOTZlvZGRsY9+rPgWPQGeUpLHlyx0wvMA=="],

    "@oxfmt/binding-linux-arm64-musl": ["@oxfmt/binding-linux-arm64-musl@0.35.0", "https://mirrors.huaweicloud.com/repository/npm/@oxfmt/binding-linux-arm64-musl/-/binding-linux-arm64-musl-0.35.0.tgz", { "os": "linux", "cpu": "arm64" }, "sha512-5Okqi+uhYFxwKz8hcnUftNNwdm8BCkf6GSCbcz9xJxYMm87k1E4p7PEmAAbhLTk7cjSdDre6TDL0pDzNX+Y22Q=="],

    "@oxfmt/binding-linux-ppc64-gnu": ["@oxfmt/binding-linux-ppc64-gnu@0.35.0", "https://mirrors.huaweicloud.com/repository/npm/@oxfmt/binding-linux-ppc64-gnu/-/binding-linux-ppc64-gnu-0.35.0.tgz", { "os": "linux", "cpu": "ppc64" }, "sha512-9k66pbZQXM/lBJWys3Xbc5yhl4JexyfqkEf/tvtq8976VIJnLAAL3M127xHA3ifYSqxdVHfVGTg84eiBHCGcNw=="],

    "@oxfmt/binding-linux-riscv64-gnu": ["@oxfmt/binding-linux-riscv64-gnu@0.35.0", "https://mirrors.huaweicloud.com/repository/npm/@oxfmt/binding-linux-riscv64-gnu/-/binding-linux-riscv64-gnu-0.35.0.tgz", { "os": "linux", "cpu": "none" }, "sha512-aUcY9ofKPtjO52idT6t0SAQvEF6ctjzUQa1lLp7GDsRpSBvuTrBQGeq0rYKz3gN8dMIQ7mtMdGD9tT4LhR8jAQ=="],

    "@oxfmt/binding-linux-riscv64-musl": ["@oxfmt/binding-linux-riscv64-musl@0.35.0", "https://mirrors.huaweicloud.com/repository/npm/@oxfmt/binding-linux-riscv64-musl/-/binding-linux-riscv64-musl-0.35.0.tgz", { "os": "linux", "cpu": "none" }, "sha512-C6yhY5Hvc2sGM+mCPek9ZLe5xRUOC/BvhAt2qIWFAeXMn4il04EYIjl3DsWiJr0xDMTJhvMOmD55xTRPlNp39w=="],

    "@oxfmt/binding-linux-s390x-gnu": ["@oxfmt/binding-linux-s390x-gnu@0.35.0", "https://mirrors.huaweicloud.com/repository/npm/@oxfmt/binding-linux-s390x-gnu/-/binding-linux-s390x-gnu-0.35.0.tgz", { "os": "linux", "cpu": "s390x" }, "sha512-RG2hlvOMK4OMZpO3mt8MpxLQ0AAezlFqhn5mI/g5YrVbPFyoCv9a34AAvbSJS501ocOxlFIRcKEuw5hFvddf9g=="],

    "@oxfmt/binding-linux-x64-gnu": ["@oxfmt/binding-linux-x64-gnu@0.35.0", "https://mirrors.huaweicloud.com/repository/npm/@oxfmt/binding-linux-x64-gnu/-/binding-linux-x64-gnu-0.35.0.tgz", { "os": "linux", "cpu": "x64" }, "sha512-wzmh90Pwvqj9xOKHJjkQYBpydRkaXG77ZvDz+iFDRRQpnqIEqGm5gmim2s6vnZIkDGsvKCuTdtxm0GFmBjM1+w=="],

    "@oxfmt/binding-linux-x64-musl": ["@oxfmt/binding-linux-x64-musl@0.35.0", "https://mirrors.huaweicloud.com/repository/npm/@oxfmt/binding-linux-x64-musl/-/binding-linux-x64-musl-0.35.0.tgz", { "os": "linux", "cpu": "x64" }, "sha512-+HCqYCJPCUy5I+b2cf+gUVaApfgtoQT3HdnSg/l7NIcLHOhKstlYaGyrFZLmUpQt4WkFbpGKZZayG6zjRU0KFA=="],

    "@oxfmt/binding-openharmony-arm64": ["@oxfmt/binding-openharmony-arm64@0.35.0", "https://mirrors.huaweicloud.com/repository/npm/@oxfmt/binding-openharmony-arm64/-/binding-openharmony-arm64-0.35.0.tgz", { "os": "none", "cpu": "arm64" }, "sha512-kFYmWfR9YL78XyO5ws+1dsxNvZoD973qfVMNFOS4e9bcHXGF7DvGC2tY5UDFwyMCeB33t3sDIuGONKggnVNSJA=="],

    "@oxfmt/binding-win32-arm64-msvc": ["@oxfmt/binding-win32-arm64-msvc@0.35.0", "https://mirrors.huaweicloud.com/repository/npm/@oxfmt/binding-win32-arm64-msvc/-/binding-win32-arm64-msvc-0.35.0.tgz", { "os": "win32", "cpu": "arm64" }, "sha512-uD/NGdM65eKNCDGyTGdO8e9n3IHX+wwuorBvEYrPJXhDXL9qz6gzddmXH8EN04ejUXUujlq4FsoSeCfbg0Y+Jg=="],

    "@oxfmt/binding-win32-ia32-msvc": ["@oxfmt/binding-win32-ia32-msvc@0.35.0", "https://mirrors.huaweicloud.com/repository/npm/@oxfmt/binding-win32-ia32-msvc/-/binding-win32-ia32-msvc-0.35.0.tgz", { "os": "win32", "cpu": "ia32" }, "sha512-oSRD2k8J2uxYDEKR2nAE/YTY9PobOEnhZgCmspHu0+yBQ665yH8lFErQVSTE7fcGJmJp/cC6322/gc8VFuQf7g=="],

    "@oxfmt/binding-win32-x64-msvc": ["@oxfmt/binding-win32-x64-msvc@0.35.0", "https://mirrors.huaweicloud.com/repository/npm/@oxfmt/binding-win32-x64-msvc/-/binding-win32-x64-msvc-0.35.0.tgz", { "os": "win32", "cpu": "x64" }, "sha512-WCDJjlS95NboR0ugI2BEwzt1tYvRDorDRM9Lvctls1SLyKYuNRCyrPwp1urUPFBnwgBNn9p2/gnmo7gFMySRoQ=="],

    "@oxlint/binding-android-arm-eabi": ["@oxlint/binding-android-arm-eabi@1.64.0", "https://mirrors.huaweicloud.com/repository/npm/@oxlint/binding-android-arm-eabi/-/binding-android-arm-eabi-1.64.0.tgz", { "os": "android", "cpu": "arm" }, "sha512-2r6Nq3XXGLHEXKkSj8JtmJ6N4gDw431DPFOg0ZoJHlNjnG6HVMm/ksQ10m0HJ8WBvwgMe1L50UHPaYZutCRPCw=="],

    "@oxlint/binding-android-arm64": ["@oxlint/binding-android-arm64@1.64.0", "https://mirrors.huaweicloud.com/repository/npm/@oxlint/binding-android-arm64/-/binding-android-arm64-1.64.0.tgz", { "os": "android", "cpu": "arm64" }, "sha512-ePJMpePgg7fBv+L/hVx1xXRU5/5gd5m0obLA6hPEfLXF3GjpR8idIDbY1dhQYhyz1ms2wdTccSboo6KEd2Oxtg=="],

    "@oxlint/binding-darwin-arm64": ["@oxlint/binding-darwin-arm64@1.64.0", "https://mirrors.huaweicloud.com/repository/npm/@oxlint/binding-darwin-arm64/-/binding-darwin-arm64-1.64.0.tgz", { "os": "darwin", "cpu": "arm64" }, "sha512-U4DMLQd10gJLuoSTLSGbfv3bGjTlUNsScm9Dgb8wwBqmCzidf1pE1pXV4doGNxqwH3KtVng1AGTINA0NvkGLvQ=="],

    "@oxlint/binding-darwin-x64": ["@oxlint/binding-darwin-x64@1.64.0", "https://mirrors.huaweicloud.com/repository/npm/@oxlint/binding-darwin-x64/-/binding-darwin-x64-1.64.0.tgz", { "os": "darwin", "cpu": "x64" }, "sha512-GoRIL48QWm4/TAvjN8pB1nAG+1/uqc9EdnWT9zqHeb6wsmjZtywj8VRe5aGW47Fdb64YtLOsdLqVxOvQuz98Wg=="],

    "@oxlint/binding-freebsd-x64": ["@oxlint/binding-freebsd-x64@1.64.0", "https://mirrors.huaweicloud.com/repository/npm/@oxlint/binding-freebsd-x64/-/binding-freebsd-x64-1.64.0.tgz", { "os": "freebsd", "cpu": "x64" }, "sha512-5dFkv4tkg7PxJJGS9/OjrJwjhuHczrd3OQOkRE0wHcLM+ncUnULtzEPWjqGOxTXxZnLWcB91bGiIznx89TVXyQ=="],

    "@oxlint/binding-linux-arm-gnueabihf": ["@oxlint/binding-linux-arm-gnueabihf@1.64.0", "https://mirrors.huaweicloud.com/repository/npm/@oxlint/binding-linux-arm-gnueabihf/-/binding-linux-arm-gnueabihf-1.64.0.tgz", { "os": "linux", "cpu": "arm" }, "sha512-jsBqMLl/uOL5+Kq/+BtK9FrmiNGUbx8SiyZXv+WlUxA45KuwcLu9BfiSIL3I3DBDgWM3yZizDITnTK9BcqNBQg=="],

    "@oxlint/binding-linux-arm-musleabihf": ["@oxlint/binding-linux-arm-musleabihf@1.64.0", "https://mirrors.huaweicloud.com/repository/npm/@oxlint/binding-linux-arm-musleabihf/-/binding-linux-arm-musleabihf-1.64.0.tgz", { "os": "linux", "cpu": "arm" }, "sha512-1lrj8At/Uuc9GhjrVFBQo0NEjfBrTkzpmtHIGAhNnIXqn1CAyGL+qrztUsXb2GIluJrpl9Q7qRLJOb/NqydacQ=="],

    "@oxlint/binding-linux-arm64-gnu": ["@oxlint/binding-linux-arm64-gnu@1.64.0", "https://mirrors.huaweicloud.com/repository/npm/@oxlint/binding-linux-arm64-gnu/-/binding-linux-arm64-gnu-1.64.0.tgz", { "os": "linux", "cpu": "arm64" }, "sha512-HpSQbubwh03mMhAdy2BYtad/fsY8vDFHDAb6bUwuCYg2VD3xCQgn6ArKcO0oZyLCheacKTv4PrF3Mfu5hgoE2g=="],

    "@oxlint/binding-linux-arm64-musl": ["@oxlint/binding-linux-arm64-musl@1.64.0", "https://mirrors.huaweicloud.com/repository/npm/@oxlint/binding-linux-arm64-musl/-/binding-linux-arm64-musl-1.64.0.tgz", { "os": "linux", "cpu": "arm64" }, "sha512-00QQ0h0Y7u0G69BgiH3+ky2aaq/QvkDL6DYok8htIuJHxybiux5aQ8jwmg8qIk9wha6UagUP2BAwAzbemcJbpg=="],

    "@oxlint/binding-linux-ppc64-gnu": ["@oxlint/binding-linux-ppc64-gnu@1.64.0", "https://mirrors.huaweicloud.com/repository/npm/@oxlint/binding-linux-ppc64-gnu/-/binding-linux-ppc64-gnu-1.64.0.tgz", { "os": "linux", "cpu": "ppc64" }, "sha512-2GaimTV6EMW+s5HS0An3oGbQme3BgHswvfVdGk3EB57Xe9+/gyT+Qd7lNVzb3rtir52vbIPzXfaYArzs5b5zcw=="],

    "@oxlint/binding-linux-riscv64-gnu": ["@oxlint/binding-linux-riscv64-gnu@1.64.0", "https://mirrors.huaweicloud.com/repository/npm/@oxlint/binding-linux-riscv64-gnu/-/binding-linux-riscv64-gnu-1.64.0.tgz", { "os": "linux", "cpu": "none" }, "sha512-H46AtFb9wypjoVwGdlxrm0DsD809NGmtiK9HiyPKTxkSte2YjhC4S+00rOIrwCaxcyPiGid3Y3OMXp5KMAkGZw=="],

    "@oxlint/binding-linux-riscv64-musl": ["@oxlint/binding-linux-riscv64-musl@1.64.0", "https://mirrors.huaweicloud.com/repository/npm/@oxlint/binding-linux-riscv64-musl/-/binding-linux-riscv64-musl-1.64.0.tgz", { "os": "linux", "cpu": "none" }, "sha512-HEgsidjjvvyzdg82icYkuFCf7REDV7B9JFwbIMbVwrKLBY0MrXX+bku3POn/hduZ2yW91IyVDUMq0Bf02KwXQw=="],

    "@oxlint/binding-linux-s390x-gnu": ["@oxlint/binding-linux-s390x-gnu@1.64.0", "https://mirrors.huaweicloud.com/repository/npm/@oxlint/binding-linux-s390x-gnu/-/binding-linux-s390x-gnu-1.64.0.tgz", { "os": "linux", "cpu": "s390x" }, "sha512-Axvm8qryotmKN00P5w4JapaSjvP2LOSbdbBJiX+2SuHd3QzhW7TUc8skqgw+ahQZ5DmzEYeHCqauvW8f32Ns6Q=="],

    "@oxlint/binding-linux-x64-gnu": ["@oxlint/binding-linux-x64-gnu@1.64.0", "https://mirrors.huaweicloud.com/repository/npm/@oxlint/binding-linux-x64-gnu/-/binding-linux-x64-gnu-1.64.0.tgz", { "os": "linux", "cpu": "x64" }, "sha512-cR60vSd7+m+KRZ3GQGfDxWwahW5RMXg0qlGvAluZr0fTUYvw0H9N9AXAF/M/PMqgytyqvVNmBAkJG9l7U30Y1g=="],

    "@oxlint/binding-linux-x64-musl": ["@oxlint/binding-linux-x64-musl@1.64.0", "https://mirrors.huaweicloud.com/repository/npm/@oxlint/binding-linux-x64-musl/-/binding-linux-x64-musl-1.64.0.tgz", { "os": "linux", "cpu": "x64" }, "sha512-2u/aPZ9pEg7HnvZPDsHxUGNnrpr4qaHi+mCgLgpt+LYRzPrS4Px4wPfkIdRdr2GvKnaYyt+XSlto0Vm5sbStTg=="],

    "@oxlint/binding-openharmony-arm64": ["@oxlint/binding-openharmony-arm64@1.64.0", "https://mirrors.huaweicloud.com/repository/npm/@oxlint/binding-openharmony-arm64/-/binding-openharmony-arm64-1.64.0.tgz", { "os": "none", "cpu": "arm64" }, "sha512-kfhkGfCdoXLSxEkrhDlJrvBYajGmq+ma4EMc53dsOWTq+rIBOlI0vTBmpZNnM5oH2LY/K/w1HAK+UQEgjgpVUg=="],

    "@oxlint/binding-win32-arm64-msvc": ["@oxlint/binding-win32-arm64-msvc@1.64.0", "https://mirrors.huaweicloud.com/repository/npm/@oxlint/binding-win32-arm64-msvc/-/binding-win32-arm64-msvc-1.64.0.tgz", { "os": "win32", "cpu": "arm64" }, "sha512-r/cNKBFieONoVu2bb1KkVouq9W+edDUgHumXJGphCRRj+U0xaD4nanrw8ZOqo0IsutPkEM4vCcGBpak6x5aXMg=="],

    "@oxlint/binding-win32-ia32-msvc": ["@oxlint/binding-win32-ia32-msvc@1.64.0", "https://mirrors.huaweicloud.com/repository/npm/@oxlint/binding-win32-ia32-msvc/-/binding-win32-ia32-msvc-1.64.0.tgz", { "os": "win32", "cpu": "ia32" }, "sha512-tUw0xUUwEFVZbpJoeCblkv8SJA4Xz3CdXCJbAnBsiNLyxDrk2tLcxEAS6M73Q7hHHDg3OtwI8vZVK3t5RJt4Gw=="],

    "@oxlint/binding-win32-x64-msvc": ["@oxlint/binding-win32-x64-msvc@1.64.0", "https://mirrors.huaweicloud.com/repository/npm/@oxlint/binding-win32-x64-msvc/-/binding-win32-x64-msvc-1.64.0.tgz", { "os": "win32", "cpu": "x64" }, "sha512-9CBR+LO0JVST87fNTzzNxS5I29jIUO5gxT9i9+M3SDHHALElj9sY1Prf12tad3vIRC6OD7Ehtvvh+sn13vSwHw=="],

    "@rsbuild/core": ["@rsbuild/core@2.0.6", "https://mirrors.huaweicloud.com/repository/npm/@rsbuild/core/-/core-2.0.6.tgz", { "dependencies": { "@rspack/core": "~2.0.3", "@swc/helpers": "^0.5.21" }, "peerDependencies": { "core-js": ">= 3.0.0" }, "optionalPeers": ["core-js"], "bin": { "rsbuild": "bin/rsbuild.js" } }, "sha512-0/u7oTgPp9NsL7E7qXzYiOOPAsOJiDbOr0FmG6gizJDIpYK8nospogNrwQ00SG0had9fdhLI7XkhP160IaLnWw=="],

    "@rsbuild/plugin-vue": ["@rsbuild/plugin-vue@1.2.8", "https://mirrors.huaweicloud.com/repository/npm/@rsbuild/plugin-vue/-/plugin-vue-1.2.8.tgz", { "dependencies": { "rspack-vue-loader": "^17.5.0" }, "peerDependencies": { "@rsbuild/core": "^1.0.0 || ^2.0.0-0" }, "optionalPeers": ["@rsbuild/core"] }, "sha512-2fsj/4XVYZrF+ZJMp2odIUWpdXerAyOAtXw7XZTX3Vf0O7UsNvNsiA6KMpSj98qnD22KAW/GW/yFguVZ2tfqPA=="],

    "@rslib/core": ["@rslib/core@0.21.5", "https://mirrors.huaweicloud.com/repository/npm/@rslib/core/-/core-0.21.5.tgz", { "dependencies": { "@rsbuild/core": "~2.0.6", "rsbuild-plugin-dts": "0.21.5" }, "peerDependencies": { "@microsoft/api-extractor": "^7", "typescript": "^5 || ^6" }, "optionalPeers": ["@microsoft/api-extractor", "typescript"], "bin": { "rslib": "bin/rslib.js" } }, "sha512-KPWR8gcodSIw8txfJ+KbgF5NoL7CxX0AljHiJk1VWDiClrN94jYmF5iGCFgaDraOBV9jJhpIIwPOfu09ild8eA=="],

    "@rspack/binding": ["@rspack/binding@2.0.3", "https://mirrors.huaweicloud.com/repository/npm/@rspack/binding/-/binding-2.0.3.tgz", { "optionalDependencies": { "@rspack/binding-darwin-arm64": "2.0.3", "@rspack/binding-darwin-x64": "2.0.3", "@rspack/binding-linux-arm64-gnu": "2.0.3", "@rspack/binding-linux-arm64-musl": "2.0.3", "@rspack/binding-linux-x64-gnu": "2.0.3", "@rspack/binding-linux-x64-musl": "2.0.3", "@rspack/binding-wasm32-wasi": "2.0.3", "@rspack/binding-win32-arm64-msvc": "2.0.3", "@rspack/binding-win32-ia32-msvc": "2.0.3", "@rspack/binding-win32-x64-msvc": "2.0.3" } }, "sha512-4exVNhGhW5RFHjK87XeTKbkA/qAgI5NHJlT1jNqiJv0gcUXLqTOEU3w7f8+f9zUo4JMFvPc0c9veOi4M19YYTg=="],

    "@rspack/binding-darwin-arm64": ["@rspack/binding-darwin-arm64@2.0.3", "https://mirrors.huaweicloud.com/repository/npm/@rspack/binding-darwin-arm64/-/binding-darwin-arm64-2.0.3.tgz", { "os": "darwin", "cpu": "arm64" }, "sha512-4UyCjLJwU/WxR6K1/gG4u3+jUsoaRHJ5rNu9fto/UbvrItwdlVNULChAApqZFw6mcSetMddSjSICeuj5pSB6sA=="],

    "@rspack/binding-darwin-x64": ["@rspack/binding-darwin-x64@2.0.3", "https://mirrors.huaweicloud.com/repository/npm/@rspack/binding-darwin-x64/-/binding-darwin-x64-2.0.3.tgz", { "os": "darwin", "cpu": "x64" }, "sha512-K3evrbTgZNa8emEqk+AjDtbuoXZp5tPZz3pcEgETxuu3KanW8Zu+Fb+TUp1DEUcL0xOmHPPox8H2cZ3pF4Zmug=="],

    "@rspack/binding-linux-arm64-gnu": ["@rspack/binding-linux-arm64-gnu@2.0.3", "https://mirrors.huaweicloud.com/repository/npm/@rspack/binding-linux-arm64-gnu/-/binding-linux-arm64-gnu-2.0.3.tgz", { "os": "linux", "cpu": "arm64" }, "sha512-aPLDaaTtX1wqjLYAIHc2MGDQZtv1Hbjx47oaaefbWz5GbAnSA4P8jdYIeeGRyrqvQ0WqJXIWXgT0d/iXtes00A=="],

    "@rspack/binding-linux-arm64-musl": ["@rspack/binding-linux-arm64-musl@2.0.3", "https://mirrors.huaweicloud.com/repository/npm/@rspack/binding-linux-arm64-musl/-/binding-linux-arm64-musl-2.0.3.tgz", { "os": "linux", "cpu": "arm64" }, "sha512-0WulUQPop6vmSDfrTxghmVlm+6crU8/XqD2f0dOWbEniZVuDZJ5/Y/cBqTRyk3rjl0vrmUv3lc87/t7UgQJQSw=="],

    "@rspack/binding-linux-x64-gnu": ["@rspack/binding-linux-x64-gnu@2.0.3", "https://mirrors.huaweicloud.com/repository/npm/@rspack/binding-linux-x64-gnu/-/binding-linux-x64-gnu-2.0.3.tgz", { "os": "linux", "cpu": "x64" }, "sha512-fAhiMuV5omT53YMft+f3Y9euAFgspuyBAk9ZpeW2buL2TkuUMwP07adhhvQfKdQ5gpELfzmjQaRDGqaIT8UWiA=="],

    "@rspack/binding-linux-x64-musl": ["@rspack/binding-linux-x64-musl@2.0.3", "https://mirrors.huaweicloud.com/repository/npm/@rspack/binding-linux-x64-musl/-/binding-linux-x64-musl-2.0.3.tgz", { "os": "linux", "cpu": "x64" }, "sha512-0kcuFoZ8vy2iNWoISFOZt+/Ujo7LRLrzE7h07AV5r+oN/mv+/v14Sd/8NUtDIScCkrYOszYq/QS31e6t0UrVfw=="],

    "@rspack/binding-wasm32-wasi": ["@rspack/binding-wasm32-wasi@2.0.3", "https://mirrors.huaweicloud.com/repository/npm/@rspack/binding-wasm32-wasi/-/binding-wasm32-wasi-2.0.3.tgz", { "dependencies": { "@emnapi/core": "1.10.0", "@emnapi/runtime": "1.10.0", "@napi-rs/wasm-runtime": "1.1.4" }, "cpu": "none" }, "sha512-x2fsw7GzNZEnw444ikj4/b8kVjM0Y0TllxmizHpYZ9gmaQrOk5OXo9RQdz+l4zzoGors0l2IZP5Cc4GJNCaSoQ=="],

    "@rspack/binding-win32-arm64-msvc": ["@rspack/binding-win32-arm64-msvc@2.0.3", "https://mirrors.huaweicloud.com/repository/npm/@rspack/binding-win32-arm64-msvc/-/binding-win32-arm64-msvc-2.0.3.tgz", { "os": "win32", "cpu": "arm64" }, "sha512-jqlxuVPdrgMuwj/HEjSkC/jmhl4fAuKyob36zJXq2uAusn2FRJ4kClGe1fLFpfxRXFVQAWwlAOwLJg8T0suuaA=="],

    "@rspack/binding-win32-ia32-msvc": ["@rspack/binding-win32-ia32-msvc@2.0.3", "https://mirrors.huaweicloud.com/repository/npm/@rspack/binding-win32-ia32-msvc/-/binding-win32-ia32-msvc-2.0.3.tgz", { "os": "win32", "cpu": "ia32" }, "sha512-QM4JEuyk5QaZ5gnvnAIaCwVQzCkrD2E4Sud77kx/MVGDsRkcOlMx3blMC5QNHPDamRmWGk+7314YOQvRhKuWyg=="],

    "@rspack/binding-win32-x64-msvc": ["@rspack/binding-win32-x64-msvc@2.0.3", "https://mirrors.huaweicloud.com/repository/npm/@rspack/binding-win32-x64-msvc/-/binding-win32-x64-msvc-2.0.3.tgz", { "os": "win32", "cpu": "x64" }, "sha512-vSQNnAy0wswG6AfNRuArTHQBiXOXl+A9ddQxBFup4PMHUzXxKtsBLQzw7BgFC0EgrPeHbt+30j7sXVZKYukj4A=="],

    "@rspack/core": ["@rspack/core@2.0.3", "https://mirrors.huaweicloud.com/repository/npm/@rspack/core/-/core-2.0.3.tgz", { "dependencies": { "@rspack/binding": "2.0.3" }, "peerDependencies": { "@module-federation/runtime-tools": "^0.24.1 || ^2.0.0", "@swc/helpers": ">=0.5.1" }, "optionalPeers": ["@module-federation/runtime-tools", "@swc/helpers"] }, "sha512-2ufO/8FHIA/lX6UOgSsKPhpDvHr0sh9lYq/n/LsIZsTwu3973BGbu2fg1Akvuu3rEnskPqXjsqH2EPBzEA42uA=="],

    "@rspack/lite-tapable": ["@rspack/lite-tapable@1.1.0", "https://mirrors.huaweicloud.com/repository/npm/@rspack/lite-tapable/-/lite-tapable-1.1.0.tgz", {}, "sha512-E2B0JhYFmVAwdDiG14+DW0Di4Ze4Jg10Pc4/lILUrd5DRCaklduz2OvJ5HYQ6G+hd+WTzqQb3QnDNfK4yvAFYw=="],

    "@swc/helpers": ["@swc/helpers@0.5.21", "https://mirrors.huaweicloud.com/repository/npm/@swc/helpers/-/helpers-0.5.21.tgz", { "dependencies": { "tslib": "^2.8.0" } }, "sha512-jI/VAmtdjB/RnI8GTnokyX7Ug8c+g+ffD6QRLa6XQewtnGyukKkKSk3wLTM3b5cjt1jNh9x0jfVlagdN2gDKQg=="],

    "@tybys/wasm-util": ["@tybys/wasm-util@0.10.2", "https://mirrors.huaweicloud.com/repository/npm/@tybys/wasm-util/-/wasm-util-0.10.2.tgz", { "dependencies": { "tslib": "^2.4.0" } }, "sha512-RoBvJ2X0wuKlWFIjrwffGw1IqZHKQqzIchKaadZZfnNpsAYp2mM0h36JtPCjNDAHGgYez/15uMBpfGwchhiMgg=="],

    "@types/bun": ["@types/bun@1.3.13", "https://mirrors.huaweicloud.com/repository/npm/@types/bun/-/bun-1.3.13.tgz", { "dependencies": { "bun-types": "1.3.13" } }, "sha512-9fqXWk5YIHGGnUau9TEi+qdlTYDAnOj+xLCmSTwXfAIqXr2x4tytJb43E9uCvt09zJURKXwAtkoH4nLQfzeTXw=="],

    "@types/node": ["@types/node@25.7.0", "https://mirrors.huaweicloud.com/repository/npm/@types/node/-/node-25.7.0.tgz", { "dependencies": { "undici-types": "~7.21.0" } }, "sha512-z+pdZyxE+RTQE9AcboAZCb4otwcrvgHD+GlBpPgn0emDVt0ohrTMhAwlr2Wd9nZ+nihhYFxO2pThz3C5qSu2Eg=="],

    "@vue/compiler-core": ["@vue/compiler-core@3.5.34", "https://mirrors.huaweicloud.com/repository/npm/@vue/compiler-core/-/compiler-core-3.5.34.tgz", { "dependencies": { "@babel/parser": "^7.29.3", "@vue/shared": "3.5.34", "entities": "^7.0.1", "estree-walker": "^2.0.2", "source-map-js": "^1.2.1" } }, "sha512-s9cLyK5mLcvZ4Agva5QgRsQyLKvts9WbU9DB6NqiZkkGEdwmcEiylj5Jbwkp680drF/NNCV8OlAJSe+yMLxaJw=="],

    "@vue/compiler-dom": ["@vue/compiler-dom@3.5.34", "https://mirrors.huaweicloud.com/repository/npm/@vue/compiler-dom/-/compiler-dom-3.5.34.tgz", { "dependencies": { "@vue/compiler-core": "3.5.34", "@vue/shared": "3.5.34" } }, "sha512-EbF/T++k0e2MMZlJsBhzK8Sgwt0HcIPOhzn1CTB/lv6sQcyk+OWf8YeiLxZp3ro7MbbLcAfAJ6sEvjFWuNgUCw=="],

    "@vue/compiler-sfc": ["@vue/compiler-sfc@3.5.34", "https://mirrors.huaweicloud.com/repository/npm/@vue/compiler-sfc/-/compiler-sfc-3.5.34.tgz", { "dependencies": { "@babel/parser": "^7.29.3", "@vue/compiler-core": "3.5.34", "@vue/compiler-dom": "3.5.34", "@vue/compiler-ssr": "3.5.34", "@vue/shared": "3.5.34", "estree-walker": "^2.0.2", "magic-string": "^0.30.21", "postcss": "^8.5.14", "source-map-js": "^1.2.1" } }, "sha512-D/ihr6uZeIt6r+pVZf46RWT1fAsLFMbUP7k8G1VkiiWexriED9GrX3echHd4Abbt17zjlfiFJ8z7a3BxZOPNjg=="],

    "@vue/compiler-ssr": ["@vue/compiler-ssr@3.5.34", "https://mirrors.huaweicloud.com/repository/npm/@vue/compiler-ssr/-/compiler-ssr-3.5.34.tgz", { "dependencies": { "@vue/compiler-dom": "3.5.34", "@vue/shared": "3.5.34" } }, "sha512-cDtTHKibkThKGHH1SP+WdccquNRYQDFH6rRjQCqT9G2ltFAfoR5pUftpab/z+aM5mW9HLLVQW7hfKKQe/1GBeQ=="],

    "@vue/reactivity": ["@vue/reactivity@3.5.34", "https://mirrors.huaweicloud.com/repository/npm/@vue/reactivity/-/reactivity-3.5.34.tgz", { "dependencies": { "@vue/shared": "3.5.34" } }, "sha512-y9XDjCEuBp+98k+UL5dbYkh57AHU4o6cxZedOPXw3bmrZZYLQsVHguGurq7hVrPCSrQtrnz1f9dssyFr+dMXfQ=="],

    "@vue/runtime-core": ["@vue/runtime-core@3.5.34", "https://mirrors.huaweicloud.com/repository/npm/@vue/runtime-core/-/runtime-core-3.5.34.tgz", { "dependencies": { "@vue/reactivity": "3.5.34", "@vue/shared": "3.5.34" } }, "sha512-mKeBYvu8tcMSLhypAHBmriUFfWXKTCF/23Z4jiCoYK3UtWepkliViNLuR90V9XOyD62mUxs9p1jsrpK3CCGIzw=="],

    "@vue/runtime-dom": ["@vue/runtime-dom@3.5.34", "https://mirrors.huaweicloud.com/repository/npm/@vue/runtime-dom/-/runtime-dom-3.5.34.tgz", { "dependencies": { "@vue/reactivity": "3.5.34", "@vue/runtime-core": "3.5.34", "@vue/shared": "3.5.34", "csstype": "^3.2.3" } }, "sha512-e8kZzERmCwUnBRVsgSQlAfrfU2rGoy0FFKPBXSlfEjc/O3KfA7QP0t1/2ZylrbchjmIKB4dPTd07A6WPr0eOrg=="],

    "@vue/server-renderer": ["@vue/server-renderer@3.5.34", "https://mirrors.huaweicloud.com/repository/npm/@vue/server-renderer/-/server-renderer-3.5.34.tgz", { "dependencies": { "@vue/compiler-ssr": "3.5.34", "@vue/shared": "3.5.34" }, "peerDependencies": { "vue": "3.5.34" } }, "sha512-nHxmJoTrKsmrkbILRhkC9gY1G3moZbJTqCzDd7DOOzG5KH9oeJ0Unqrff5f9v0pW//jES05ZkJcNtfE8JjOIew=="],

    "@vue/shared": ["@vue/shared@3.5.34", "https://mirrors.huaweicloud.com/repository/npm/@vue/shared/-/shared-3.5.34.tgz", {}, "sha512-24uqU4OIiX29ryC3MeWid/Xf2fa2EFRUVLb77nRhk+UrTVrh/XiGtFAFmJBAtBRbjwNdsPRP+jj/OL27Eg1NDA=="],

    "ansi-escapes": ["ansi-escapes@7.3.0", "https://mirrors.huaweicloud.com/repository/npm/ansi-escapes/-/ansi-escapes-7.3.0.tgz", { "dependencies": { "environment": "^1.0.0" } }, "sha512-BvU8nYgGQBxcmMuEeUEmNTvrMVjJNSH7RgW24vXexN4Ven6qCvy4TntnvlnwnMLTVlcRQQdbRY8NKnaIoeWDNg=="],

    "ansi-regex": ["ansi-regex@6.2.2", "https://mirrors.huaweicloud.com/repository/npm/ansi-regex/-/ansi-regex-6.2.2.tgz", {}, "sha512-Bq3SmSpyFHaWjPk8If9yc6svM8c56dB5BAtW4Qbw5jHTwwXXcTLoRMkpDJp6VL0XzlWaCHTXrkFURMYmD0sLqg=="],

    "ansi-styles": ["ansi-styles@4.3.0", "https://mirrors.huaweicloud.com/repository/npm/ansi-styles/-/ansi-styles-4.3.0.tgz", { "dependencies": { "color-convert": "^2.0.1" } }, "sha512-zbB9rCJAT1rbjiVDb2hqKFHNYLxgtk8NURxZ3IZwD3F6NtxbXZQCnnSi1Lkx+IDohdPlFp222wVALIheZJQSEg=="],

    "bun-types": ["bun-types@1.3.13", "https://mirrors.huaweicloud.com/repository/npm/bun-types/-/bun-types-1.3.13.tgz", { "dependencies": { "@types/node": "*" } }, "sha512-QXKeHLlOLqQX9LgYaHJfzdBaV21T63HhFJnvuRCcjZiaUDpbs5ED1MgxbMra71CsryN/1dAoXuJJJwIv/2drVA=="],

    "chalk": ["chalk@4.1.2", "https://mirrors.huaweicloud.com/repository/npm/chalk/-/chalk-4.1.2.tgz", { "dependencies": { "ansi-styles": "^4.1.0", "supports-color": "^7.1.0" } }, "sha512-oKnbhFyRIXpUuez8iBMmyEa4nbj4IOQyuhc/wy9kY7/WVPcwIO9VA668Pu8RkO7+0G76SLROeyw9CpQ061i4mA=="],

    "cli-cursor": ["cli-cursor@5.0.0", "https://mirrors.huaweicloud.com/repository/npm/cli-cursor/-/cli-cursor-5.0.0.tgz", { "dependencies": { "restore-cursor": "^5.0.0" } }, "sha512-aCj4O5wKyszjMmDT4tZj93kxyydN/K5zPWSCe6/0AV/AA1pqe5ZBIw0a2ZfPQV7lL5/yb5HsUreJ6UFAF1tEQw=="],

    "cli-truncate": ["cli-truncate@5.2.0", "https://mirrors.huaweicloud.com/repository/npm/cli-truncate/-/cli-truncate-5.2.0.tgz", { "dependencies": { "slice-ansi": "^8.0.0", "string-width": "^8.2.0" } }, "sha512-xRwvIOMGrfOAnM1JYtqQImuaNtDEv9v6oIYAs4LIHwTiKee8uwvIi363igssOC0O5U04i4AlENs79LQLu9tEMw=="],

    "color-convert": ["color-convert@2.0.1", "https://mirrors.huaweicloud.com/repository/npm/color-convert/-/color-convert-2.0.1.tgz", { "dependencies": { "color-name": "~1.1.4" } }, "sha512-RRECPsj7iu/xb5oKYcsFHSppFNnsj/52OVTRKb4zP5onXwVF3zVmmToNcOfGC+CRDpfK/U584fMg38ZHCaElKQ=="],

    "color-name": ["color-name@1.1.4", "https://mirrors.huaweicloud.com/repository/npm/color-name/-/color-name-1.1.4.tgz", {}, "sha512-dOy+3AuW3a2wNbZHIuMZpTcgjGuLU/uBL/ubcZF9OXbDo8ff4O8yVp5Bf0efS8uEoYo5q4Fx7dY9OgQGXgAsQA=="],

    "colorette": ["colorette@2.0.20", "https://mirrors.huaweicloud.com/repository/npm/colorette/-/colorette-2.0.20.tgz", {}, "sha512-IfEDxwoWIjkeXL1eXcDiow4UbKjhLdq6/EuSVR9GMN7KVH3r9gQ83e73hsz1Nd1T3ijd5xv1wcWRYO+D6kCI2w=="],

    "commander": ["commander@14.0.3", "https://mirrors.huaweicloud.com/repository/npm/commander/-/commander-14.0.3.tgz", {}, "sha512-H+y0Jo/T1RZ9qPP4Eh1pkcQcLRglraJaSLoyOtHxu6AapkjWVCy2Sit1QQ4x3Dng8qDlSsZEet7g5Pq06MvTgw=="],

    "csstype": ["csstype@3.2.3", "https://mirrors.huaweicloud.com/repository/npm/csstype/-/csstype-3.2.3.tgz", {}, "sha512-z1HGKcYy2xA8AGQfwrn0PAy+PB7X/GSj3UVJW9qKyn43xWa+gl5nXmU4qqLMRzWVLFC8KusUX8T/0kCiOYpAIQ=="],

    "emoji-regex": ["emoji-regex@10.6.0", "https://mirrors.huaweicloud.com/repository/npm/emoji-regex/-/emoji-regex-10.6.0.tgz", {}, "sha512-toUI84YS5YmxW219erniWD0CIVOo46xGKColeNQRgOzDorgBi1v4D71/OFzgD9GO2UGKIv1C3Sp8DAn0+j5w7A=="],

    "entities": ["entities@7.0.1", "https://mirrors.huaweicloud.com/repository/npm/entities/-/entities-7.0.1.tgz", {}, "sha512-TWrgLOFUQTH994YUyl1yT4uyavY5nNB5muff+RtWaqNVCAK408b5ZnnbNAUEWLTCpum9w6arT70i1XdQ4UeOPA=="],

    "environment": ["environment@1.1.0", "https://mirrors.huaweicloud.com/repository/npm/environment/-/environment-1.1.0.tgz", {}, "sha512-xUtoPkMggbz0MPyPiIWr1Kp4aeWJjDZ6SMvURhimjdZgsRuDplF5/s9hcgGhyXMhs+6vpnuoiZ2kFiu3FMnS8Q=="],

    "estree-walker": ["estree-walker@2.0.2", "https://mirrors.huaweicloud.com/repository/npm/estree-walker/-/estree-walker-2.0.2.tgz", {}, "sha512-Rfkk/Mp/DL7JVje3u18FxFujQlTNR2q6QfMSMB7AvCBx91NGj/ba3kCfza0f6dVDbw7YlRf/nDrn7pQrCCyQ/w=="],

    "eventemitter3": ["eventemitter3@5.0.4", "https://mirrors.huaweicloud.com/repository/npm/eventemitter3/-/eventemitter3-5.0.4.tgz", {}, "sha512-mlsTRyGaPBjPedk6Bvw+aqbsXDtoAyAzm5MO7JgU+yVRyMQ5O8bD4Kcci7BS85f93veegeCPkL8R4GLClnjLFw=="],

    "get-east-asian-width": ["get-east-asian-width@1.6.0", "https://mirrors.huaweicloud.com/repository/npm/get-east-asian-width/-/get-east-asian-width-1.6.0.tgz", {}, "sha512-QRbvDIbx6YklUe6RxeTeleMR0yv3cYH6PsPZHcnVn7xv7zO1BHN8r0XETu8n6Ye3Q+ahtSarc3WgtNWmehIBfA=="],

    "has-flag": ["has-flag@4.0.0", "https://mirrors.huaweicloud.com/repository/npm/has-flag/-/has-flag-4.0.0.tgz", {}, "sha512-EykJT/Q1KjTWctppgIAgfSO0tKVuZUjhgMr17kqTumMl6Afv3EISleU7qZUzoXDFTAHTDC4NOoG/ZxU3EvlMPQ=="],

    "husky": ["husky@9.1.7", "https://mirrors.huaweicloud.com/repository/npm/husky/-/husky-9.1.7.tgz", { "bin": { "husky": "bin.js" } }, "sha512-5gs5ytaNjBrh5Ow3zrvdUUY+0VxIuWVL4i9irt6friV+BqdCfmV11CQTWMiBYWHbXhco+J1kHfTOUkePhCDvMA=="],

    "is-fullwidth-code-point": ["is-fullwidth-code-point@5.1.0", "https://mirrors.huaweicloud.com/repository/npm/is-fullwidth-code-point/-/is-fullwidth-code-point-5.1.0.tgz", { "dependencies": { "get-east-asian-width": "^1.3.1" } }, "sha512-5XHYaSyiqADb4RnZ1Bdad6cPp8Toise4TzEjcOYDHZkTCbKgiUl7WTUCpNWHuxmDt91wnsZBc9xinNzopv3JMQ=="],

    "lint-staged": ["lint-staged@16.4.0", "https://mirrors.huaweicloud.com/repository/npm/lint-staged/-/lint-staged-16.4.0.tgz", { "dependencies": { "commander": "^14.0.3", "listr2": "^9.0.5", "picomatch": "^4.0.3", "string-argv": "^0.3.2", "tinyexec": "^1.0.4", "yaml": "^2.8.2" }, "bin": { "lint-staged": "bin/lint-staged.js" } }, "sha512-lBWt8hujh/Cjysw5GYVmZpFHXDCgZzhrOm8vbcUdobADZNOK/bRshr2kM3DfgrrtR1DQhfupW9gnIXOfiFi+bw=="],

    "listr2": ["listr2@9.0.5", "https://mirrors.huaweicloud.com/repository/npm/listr2/-/listr2-9.0.5.tgz", { "dependencies": { "cli-truncate": "^5.0.0", "colorette": "^2.0.20", "eventemitter3": "^5.0.1", "log-update": "^6.1.0", "rfdc": "^1.4.1", "wrap-ansi": "^9.0.0" } }, "sha512-ME4Fb83LgEgwNw96RKNvKV4VTLuXfoKudAmm2lP8Kk87KaMK0/Xrx/aAkMWmT8mDb+3MlFDspfbCs7adjRxA2g=="],

    "log-update": ["log-update@6.1.0", "https://mirrors.huaweicloud.com/repository/npm/log-update/-/log-update-6.1.0.tgz", { "dependencies": { "ansi-escapes": "^7.0.0", "cli-cursor": "^5.0.0", "slice-ansi": "^7.1.0", "strip-ansi": "^7.1.0", "wrap-ansi": "^9.0.0" } }, "sha512-9ie8ItPR6tjY5uYJh8K/Zrv/RMZ5VOlOWvtZdEHYSTFKZfIBPQa9tOAEeAWhd+AnIneLJ22w5fjOYtoutpWq5w=="],

    "magic-string": ["magic-string@0.30.21", "https://mirrors.huaweicloud.com/repository/npm/magic-string/-/magic-string-0.30.21.tgz", { "dependencies": { "@jridgewell/sourcemap-codec": "^1.5.5" } }, "sha512-vd2F4YUyEXKGcLHoq+TEyCjxueSeHnFxyyjNp80yg0XV4vUhnDer/lvvlqM/arB5bXQN5K2/3oinyCRyx8T2CQ=="],

    "mimic-function": ["mimic-function@5.0.1", "https://mirrors.huaweicloud.com/repository/npm/mimic-function/-/mimic-function-5.0.1.tgz", {}, "sha512-VP79XUPxV2CigYP3jWwAUFSku2aKqBH7uTAapFWCBqutsbmDo96KY5o8uh6U+/YSIn5OxJnXp73beVkpqMIGhA=="],

    "nanoid": ["nanoid@3.3.12", "https://mirrors.huaweicloud.com/repository/npm/nanoid/-/nanoid-3.3.12.tgz", { "bin": { "nanoid": "bin/nanoid.cjs" } }, "sha512-ZB9RH/39qpq5Vu6Y+NmUaFhQR6pp+M2Xt76XBnEwDaGcVAqhlvxrl3B2bKS5D3NH3QR76v3aSrKaF/Kiy7lEtQ=="],

    "onetime": ["onetime@7.0.0", "https://mirrors.huaweicloud.com/repository/npm/onetime/-/onetime-7.0.0.tgz", { "dependencies": { "mimic-function": "^5.0.0" } }, "sha512-VXJjc87FScF88uafS3JllDgvAm+c/Slfz06lorj2uAY34rlUu0Nt+v8wreiImcrgAjjIHp1rXpTDlLOGw29WwQ=="],

    "oxfmt": ["oxfmt@0.35.0", "https://mirrors.huaweicloud.com/repository/npm/oxfmt/-/oxfmt-0.35.0.tgz", { "dependencies": { "tinypool": "2.1.0" }, "optionalDependencies": { "@oxfmt/binding-android-arm-eabi": "0.35.0", "@oxfmt/binding-android-arm64": "0.35.0", "@oxfmt/binding-darwin-arm64": "0.35.0", "@oxfmt/binding-darwin-x64": "0.35.0", "@oxfmt/binding-freebsd-x64": "0.35.0", "@oxfmt/binding-linux-arm-gnueabihf": "0.35.0", "@oxfmt/binding-linux-arm-musleabihf": "0.35.0", "@oxfmt/binding-linux-arm64-gnu": "0.35.0", "@oxfmt/binding-linux-arm64-musl": "0.35.0", "@oxfmt/binding-linux-ppc64-gnu": "0.35.0", "@oxfmt/binding-linux-riscv64-gnu": "0.35.0", "@oxfmt/binding-linux-riscv64-musl": "0.35.0", "@oxfmt/binding-linux-s390x-gnu": "0.35.0", "@oxfmt/binding-linux-x64-gnu": "0.35.0", "@oxfmt/binding-linux-x64-musl": "0.35.0", "@oxfmt/binding-openharmony-arm64": "0.35.0", "@oxfmt/binding-win32-arm64-msvc": "0.35.0", "@oxfmt/binding-win32-ia32-msvc": "0.35.0", "@oxfmt/binding-win32-x64-msvc": "0.35.0" }, "bin": { "oxfmt": "bin/oxfmt" } }, "sha512-QYeXWkP+aLt7utt5SLivNIk09glWx9QE235ODjgcEZ3sd1VMaUBSpLymh6ZRCA76gD2rMP4bXanUz/fx+nLM9Q=="],

    "oxlint": ["oxlint@1.64.0", "https://mirrors.huaweicloud.com/repository/npm/oxlint/-/oxlint-1.64.0.tgz", { "optionalDependencies": { "@oxlint/binding-android-arm-eabi": "1.64.0", "@oxlint/binding-android-arm64": "1.64.0", "@oxlint/binding-darwin-arm64": "1.64.0", "@oxlint/binding-darwin-x64": "1.64.0", "@oxlint/binding-freebsd-x64": "1.64.0", "@oxlint/binding-linux-arm-gnueabihf": "1.64.0", "@oxlint/binding-linux-arm-musleabihf": "1.64.0", "@oxlint/binding-linux-arm64-gnu": "1.64.0", "@oxlint/binding-linux-arm64-musl": "1.64.0", "@oxlint/binding-linux-ppc64-gnu": "1.64.0", "@oxlint/binding-linux-riscv64-gnu": "1.64.0", "@oxlint/binding-linux-riscv64-musl": "1.64.0", "@oxlint/binding-linux-s390x-gnu": "1.64.0", "@oxlint/binding-linux-x64-gnu": "1.64.0", "@oxlint/binding-linux-x64-musl": "1.64.0", "@oxlint/binding-openharmony-arm64": "1.64.0", "@oxlint/binding-win32-arm64-msvc": "1.64.0", "@oxlint/binding-win32-ia32-msvc": "1.64.0", "@oxlint/binding-win32-x64-msvc": "1.64.0" }, "peerDependencies": { "oxlint-tsgolint": ">=0.22.1" }, "optionalPeers": ["oxlint-tsgolint"], "bin": { "oxlint": "bin/oxlint" } }, "sha512-Star3SNpWPeWFPw7kRXIhXUSn6fdiAl25q15CQzH/9WaOtG6e9CWTc25vNZOCr4PE1yEP1GtKJKIKglhj3OmEQ=="],

    "picocolors": ["picocolors@1.1.1", "https://mirrors.huaweicloud.com/repository/npm/picocolors/-/picocolors-1.1.1.tgz", {}, "sha512-xceH2snhtb5M9liqDsmEw56le376mTZkEX/jEb/RxNFyegNul7eNslCXP9FDj/Lcu0X8KEyMceP2ntpaHrDEVA=="],

    "picomatch": ["picomatch@4.0.4", "https://mirrors.huaweicloud.com/repository/npm/picomatch/-/picomatch-4.0.4.tgz", {}, "sha512-QP88BAKvMam/3NxH6vj2o21R6MjxZUAd6nlwAS/pnGvN9IVLocLHxGYIzFhg6fUQ+5th6P4dv4eW9jX3DSIj7A=="],

    "postcss": ["postcss@8.5.14", "https://mirrors.huaweicloud.com/repository/npm/postcss/-/postcss-8.5.14.tgz", { "dependencies": { "nanoid": "^3.3.11", "picocolors": "^1.1.1", "source-map-js": "^1.2.1" } }, "sha512-SoSL4+OSEtR99LHFZQiJLkT59C5B1amGO1NzTwj7TT1qCUgUO6hxOvzkOYxD+vMrXBM3XJIKzokoERdqQq/Zmg=="],

    "restore-cursor": ["restore-cursor@5.1.0", "https://mirrors.huaweicloud.com/repository/npm/restore-cursor/-/restore-cursor-5.1.0.tgz", { "dependencies": { "onetime": "^7.0.0", "signal-exit": "^4.1.0" } }, "sha512-oMA2dcrw6u0YfxJQXm342bFKX/E4sG9rbTzO9ptUcR/e8A33cHuvStiYOwH7fszkZlZ1z/ta9AAoPk2F4qIOHA=="],

    "rfdc": ["rfdc@1.4.1", "https://mirrors.huaweicloud.com/repository/npm/rfdc/-/rfdc-1.4.1.tgz", {}, "sha512-q1b3N5QkRUWUl7iyylaaj3kOpIT0N2i9MqIEQXP73GVsN9cw3fdx8X63cEmWhJGi2PPCF23Ijp7ktmd39rawIA=="],

    "rsbuild-plugin-dts": ["rsbuild-plugin-dts@0.21.5", "https://mirrors.huaweicloud.com/repository/npm/rsbuild-plugin-dts/-/rsbuild-plugin-dts-0.21.5.tgz", { "dependencies": { "@ast-grep/napi": "0.37.0" }, "peerDependencies": { "@microsoft/api-extractor": "^7", "@rsbuild/core": "^1.0.0 || ^2.0.0-0", "@typescript/native-preview": "7.x", "typescript": "^5 || ^6" }, "optionalPeers": ["@microsoft/api-extractor", "@typescript/native-preview", "typescript"] }, "sha512-tRSqSCmaY2Ef/FTxcLUw26jQxM/HJHAFqTsqngXnXnfic0BHlSCKzJuwjGoGUYimb3RdH6qnC7jzkXuoe+ZXOA=="],

    "rspack-vue-loader": ["rspack-vue-loader@17.5.0", "https://mirrors.huaweicloud.com/repository/npm/rspack-vue-loader/-/rspack-vue-loader-17.5.0.tgz", { "dependencies": { "@rspack/lite-tapable": "^1.1.0", "chalk": "^4.1.0" }, "peerDependencies": { "@rspack/core": "^1.0.0 || ^2.0.0-0" }, "optionalPeers": ["@rspack/core"] }, "sha512-hJrL2+jytfTs6ORHBOKTh5lU7BVZvmv7afELuQfyEpGC1ll7MKj1BxlgAIbhd6pZwoEwfdH79Lewtwe4VOlfCQ=="],

    "signal-exit": ["signal-exit@4.1.0", "https://mirrors.huaweicloud.com/repository/npm/signal-exit/-/signal-exit-4.1.0.tgz", {}, "sha512-bzyZ1e88w9O1iNJbKnOlvYTrWPDl46O1bG0D3XInv+9tkPrxrN8jUUTiFlDkkmKWgn1M6CfIA13SuGqOa9Korw=="],

    "slice-ansi": ["slice-ansi@8.0.0", "https://mirrors.huaweicloud.com/repository/npm/slice-ansi/-/slice-ansi-8.0.0.tgz", { "dependencies": { "ansi-styles": "^6.2.3", "is-fullwidth-code-point": "^5.1.0" } }, "sha512-stxByr12oeeOyY2BlviTNQlYV5xOj47GirPr4yA1hE9JCtxfQN0+tVbkxwCtYDQWhEKWFHsEK48ORg5jrouCAg=="],

    "source-map-js": ["source-map-js@1.2.1", "https://mirrors.huaweicloud.com/repository/npm/source-map-js/-/source-map-js-1.2.1.tgz", {}, "sha512-UXWMKhLOwVKb728IUtQPXxfYU+usdybtUrK/8uGE8CQMvrhOpwvzDBwj0QhSL7MQc7vIsISBG8VQ8+IDQxpfQA=="],

    "string-argv": ["string-argv@0.3.2", "https://mirrors.huaweicloud.com/repository/npm/string-argv/-/string-argv-0.3.2.tgz", {}, "sha512-aqD2Q0144Z+/RqG52NeHEkZauTAUWJO8c6yTftGJKO3Tja5tUgIfmIl6kExvhtxSDP7fXB6DvzkfMpCd/F3G+Q=="],

    "string-width": ["string-width@8.2.1", "https://mirrors.huaweicloud.com/repository/npm/string-width/-/string-width-8.2.1.tgz", { "dependencies": { "get-east-asian-width": "^1.5.0", "strip-ansi": "^7.1.2" } }, "sha512-IIaP0g3iy9Cyy18w3M9YcaDudujEAVHKt3a3QJg1+sr/oX96TbaGUubG0hJyCjCBThFH+tFpcIyoUHUn1ogaLA=="],

    "strip-ansi": ["strip-ansi@7.2.0", "https://mirrors.huaweicloud.com/repository/npm/strip-ansi/-/strip-ansi-7.2.0.tgz", { "dependencies": { "ansi-regex": "^6.2.2" } }, "sha512-yDPMNjp4WyfYBkHnjIRLfca1i6KMyGCtsVgoKe/z1+6vukgaENdgGBZt+ZmKPc4gavvEZ5OgHfHdrazhgNyG7w=="],

    "supports-color": ["supports-color@7.2.0", "https://mirrors.huaweicloud.com/repository/npm/supports-color/-/supports-color-7.2.0.tgz", { "dependencies": { "has-flag": "^4.0.0" } }, "sha512-qpCAvRl9stuOHveKsn7HncJRvv501qIacKzQlO/+Lwxc9+0q2wLyv4Dfvt80/DPn2pqOBsJdDiogXGR9+OvwRw=="],

    "tiny-pinyin": ["tiny-pinyin@1.3.2", "https://mirrors.huaweicloud.com/repository/npm/tiny-pinyin/-/tiny-pinyin-1.3.2.tgz", {}, "sha512-uHNGu4evFt/8eNLldazeAM1M8JrMc1jshhJJfVRARTN3yT8HEEibofeQ7QETWQ5ISBjd6fKtTVBCC/+mGS6FpA=="],

    "tinyexec": ["tinyexec@1.1.2", "https://mirrors.huaweicloud.com/repository/npm/tinyexec/-/tinyexec-1.1.2.tgz", {}, "sha512-dAqSqE/RabpBKI8+h26GfLq6Vb3JVXs30XYQjdMjaj/c2tS8IYYMbIzP599KtRj7c57/wYApb3QjgRgXmrCukA=="],

    "tinypool": ["tinypool@2.1.0", "https://mirrors.huaweicloud.com/repository/npm/tinypool/-/tinypool-2.1.0.tgz", {}, "sha512-Pugqs6M0m7Lv1I7FtxN4aoyToKg1C4tu+/381vH35y8oENM/Ai7f7C4StcoK4/+BSw9ebcS8jRiVrORFKCALLw=="],

    "tslib": ["tslib@2.8.1", "https://mirrors.huaweicloud.com/repository/npm/tslib/-/tslib-2.8.1.tgz", {}, "sha512-oJFu94HQb+KVduSUQL7wnpmqnfmLsOA/nAh6b6EH0wCEoK0/mPeXU6c3wKDV83MkOuHPRHtSXKKU99IBazS/2w=="],

    "typescript": ["typescript@5.9.3", "https://mirrors.huaweicloud.com/repository/npm/typescript/-/typescript-5.9.3.tgz", { "bin": { "tsc": "bin/tsc", "tsserver": "bin/tsserver" } }, "sha512-jl1vZzPDinLr9eUt3J/t7V6FgNEw9QjvBPdysz9KfQDD41fQrC2Y4vKQdiaUpFT4bXlb1RHhLpp8wtm6M5TgSw=="],

    "undici-types": ["undici-types@7.21.0", "https://mirrors.huaweicloud.com/repository/npm/undici-types/-/undici-types-7.21.0.tgz", {}, "sha512-w9IMgQrz4O0YN1LtB7K5P63vhlIOvC7opSmouCJ+ZywlPAlO9gIkJ+otk6LvGpAs2wg4econaCz3TvQ9xPoyuQ=="],

    "vue": ["vue@3.5.34", "https://mirrors.huaweicloud.com/repository/npm/vue/-/vue-3.5.34.tgz", { "dependencies": { "@vue/compiler-dom": "3.5.34", "@vue/compiler-sfc": "3.5.34", "@vue/runtime-dom": "3.5.34", "@vue/server-renderer": "3.5.34", "@vue/shared": "3.5.34" }, "peerDependencies": { "typescript": "*" }, "optionalPeers": ["typescript"] }, "sha512-WdLBG9gm02OgJIG9axd5Hpx0TFLdzVgfG2evFFu8Rur5O/IoGc5cMjnjh3tPL6GnRGsYvUhBSKVPYVcxRKpMCA=="],

    "wrap-ansi": ["wrap-ansi@9.0.2", "https://mirrors.huaweicloud.com/repository/npm/wrap-ansi/-/wrap-ansi-9.0.2.tgz", { "dependencies": { "ansi-styles": "^6.2.1", "string-width": "^7.0.0", "strip-ansi": "^7.1.0" } }, "sha512-42AtmgqjV+X1VpdOfyTGOYRi0/zsoLqtXQckTmqTeybT+BDIbM/Guxo7x3pE2vtpr1ok6xRqM9OpBe+Jyoqyww=="],

    "yaml": ["yaml@2.9.0", "https://mirrors.huaweicloud.com/repository/npm/yaml/-/yaml-2.9.0.tgz", { "bin": { "yaml": "bin.mjs" } }, "sha512-2AvhNX3mb8zd6Zy7INTtSpl1F15HW6Wnqj0srWlkKLcpYl/gMIMJiyuGq2KeI2YFxUPjdlB+3Lc10seMLtL4cA=="],

    "log-update/slice-ansi": ["slice-ansi@7.1.2", "https://mirrors.huaweicloud.com/repository/npm/slice-ansi/-/slice-ansi-7.1.2.tgz", { "dependencies": { "ansi-styles": "^6.2.1", "is-fullwidth-code-point": "^5.0.0" } }, "sha512-iOBWFgUX7caIZiuutICxVgX1SdxwAVFFKwt1EvMYYec/NWO5meOJ6K5uQxhrYBdQJne4KxiqZc+KptFOWFSI9w=="],

    "slice-ansi/ansi-styles": ["ansi-styles@6.2.3", "https://mirrors.huaweicloud.com/repository/npm/ansi-styles/-/ansi-styles-6.2.3.tgz", {}, "sha512-4Dj6M28JB+oAH8kFkTLUo+a2jwOFkuqb3yucU0CANcRRUbxS0cP0nZYCGjcc3BNXwRIsUVmDGgzawme7zvJHvg=="],

    "wrap-ansi/ansi-styles": ["ansi-styles@6.2.3", "https://mirrors.huaweicloud.com/repository/npm/ansi-styles/-/ansi-styles-6.2.3.tgz", {}, "sha512-4Dj6M28JB+oAH8kFkTLUo+a2jwOFkuqb3yucU0CANcRRUbxS0cP0nZYCGjcc3BNXwRIsUVmDGgzawme7zvJHvg=="],

    "wrap-ansi/string-width": ["string-width@7.2.0", "https://mirrors.huaweicloud.com/repository/npm/string-width/-/string-width-7.2.0.tgz", { "dependencies": { "emoji-regex": "^10.3.0", "get-east-asian-width": "^1.0.0", "strip-ansi": "^7.1.0" } }, "sha512-tsaTIkKW9b4N+AEj+SVA+WhJzV7/zMhcSu78mLKWSk7cXMOSHsBKFWUs0fWwq8QyK3MgJBQRX6Gbi4kYbdvGkQ=="],

    "log-update/slice-ansi/ansi-styles": ["ansi-styles@6.2.3", "https://mirrors.huaweicloud.com/repository/npm/ansi-styles/-/ansi-styles-6.2.3.tgz", {}, "sha512-4Dj6M28JB+oAH8kFkTLUo+a2jwOFkuqb3yucU0CANcRRUbxS0cP0nZYCGjcc3BNXwRIsUVmDGgzawme7zvJHvg=="],
  }
}
